
Microsoft Visual Studio Solution File, Format Version 12.00
# Visual Studio Version 16
VisualStudioVersion = 16.0.31729.503
MinimumVisualStudioVersion = 10.0.40219.1
Project("{FAE04EC0-301F-11D3-BF4B-00C04F79EFBC}") = "EleveConsole", "EleveConsole.csproj", "{6DFDE168-AE32-4850-A84C-B07D732B41DE}"
EndProject
Global
	GlobalSection(SolutionConfigurationPlatforms) = preSolution
		Debug|Any CPU = Debug|Any CPU
		Release|Any CPU = Release|Any CPU
	EndGlobalSection
	GlobalSection(ProjectConfigurationPlatforms) = postSolution
		{6DFDE168-AE32-4850-A84C-B07D732B41DE}.Debug|Any CPU.ActiveCfg = Debug|Any CPU
		{6DFDE168-AE32-4850-A84C-B07D732B41DE}.Debug|Any CPU.Build.0 = Debug|Any CPU
		{6DFDE168-AE32-4850-A84C-B07D732B41DE}.Release|Any CPU.ActiveCfg = Release|Any CPU
		{6DFDE168-AE32-4850-A84C-B07D732B41DE}.Release|Any CPU.Build.0 = Release|Any CPU
	EndGlobalSection
	GlobalSection(SolutionProperties) = preSolution
		HideSolutionNode = FALSE
	EndGlobalSection
	GlobalSection(ExtensibilityGlobals) = postSolution
		SolutionGuid = {FAC09E32-EA03-4F80-88CD-448571F85C44}
	EndGlobalSection
EndGlobal
